
Microsoft Visual Studio Solution File, Format Version 12.00
# Visual Studio Version 17
VisualStudioVersion = 17.5.002.0
MinimumVisualStudioVersion = 10.0.40219.1
Project("{9A19103F-16F7-4668-BE54-9A1E7A4F7556}") = "catalog", "catalog.csproj", "{BF6B8233-C85C-456D-B9CF-A104D0FCF9CD}"
EndProject
Global
	GlobalSection(SolutionConfigurationPlatforms) = preSolution
		Debug|Any CPU = Debug|Any CPU
		Release|Any CPU = Release|Any CPU
	EndGlobalSection
	GlobalSection(ProjectConfigurationPlatforms) = postSolution
		{BF6B8233-C85C-456D-B9CF-A104D0FCF9CD}.Debug|Any CPU.ActiveCfg = Debug|Any CPU
		{BF6B8233-C85C-456D-B9CF-A104D0FCF9CD}.Debug|Any CPU.Build.0 = Debug|Any CPU
		{BF6B8233-C85C-456D-B9CF-A104D0FCF9CD}.Release|Any CPU.ActiveCfg = Release|Any CPU
		{BF6B8233-C85C-456D-B9CF-A104D0FCF9CD}.Release|Any CPU.Build.0 = Release|Any CPU
	EndGlobalSection
	GlobalSection(SolutionProperties) = preSolution
		HideSolutionNode = FALSE
	EndGlobalSection
	GlobalSection(ExtensibilityGlobals) = postSolution
		SolutionGuid = {D9A0CF54-5D94-446E-8CD3-4EB745182B08}
	EndGlobalSection
EndGlobal
